
Microsoft Visual Studio Solution File, Format Version 12.00
# Visual Studio 2012
Project("{FAE04EC0-301F-11D3-BF4B-00C04F79EFBC}") = "Cms.ServiceProvider", "ServiceProvider\Cms.ServiceProvider.csproj", "{9D08106F-B4B2-472D-A0BB-A55DE0AC52E6}"
EndProject
Project("{FAE04EC0-301F-11D3-BF4B-00C04F79EFBC}") = "Cms.DomainObjects", "DomainObjects\Cms.DomainObjects.csproj", "{93DDDDD5-31D3-444D-8143-4286DB57CDF6}"
EndProject
Project("{FAE04EC0-301F-11D3-BF4B-00C04F79EFBC}") = "Cms.DomainServices", "DomainServices\Cms.DomainServices.csproj", "{2ACF0CE6-DF6F-4490-AC76-4A34AF8F4D3A}"
EndProject
Project("{FAE04EC0-301F-11D3-BF4B-00C04F79EFBC}") = "Cms.Common", "Common\Cms.Common.csproj", "{623A196F-BED0-4F57-849F-7AC9D3382B23}"
EndProject
Project("{FAE04EC0-301F-11D3-BF4B-00C04F79EFBC}") = "Cms.DataAccess", "DataAccess\Cms.DataAccess.csproj", "{2D9C20C4-AC95-4FB4-BCB9-C4EC34AF4368}"
EndProject
Project("{FAE04EC0-301F-11D3-BF4B-00C04F79EFBC}") = "Cms.Admin.Web", "Admin.Web\Cms.Admin.Web.csproj", "{9FA96DAD-BF37-4248-BBA5-56DBB6CC0DA0}"
	ProjectSection(ProjectDependencies) = postProject
		{9D08106F-B4B2-472D-A0BB-A55DE0AC52E6} = {9D08106F-B4B2-472D-A0BB-A55DE0AC52E6}
	EndProjectSection
EndProject
Global
	GlobalSection(SolutionConfigurationPlatforms) = preSolution
		Debug|Any CPU = Debug|Any CPU
		Release|Any CPU = Release|Any CPU
	EndGlobalSection
	GlobalSection(ProjectConfigurationPlatforms) = postSolution
		{9D08106F-B4B2-472D-A0BB-A55DE0AC52E6}.Debug|Any CPU.ActiveCfg = Debug|Any CPU
		{9D08106F-B4B2-472D-A0BB-A55DE0AC52E6}.Debug|Any CPU.Build.0 = Debug|Any CPU
		{9D08106F-B4B2-472D-A0BB-A55DE0AC52E6}.Release|Any CPU.ActiveCfg = Release|Any CPU
		{9D08106F-B4B2-472D-A0BB-A55DE0AC52E6}.Release|Any CPU.Build.0 = Release|Any CPU
		{93DDDDD5-31D3-444D-8143-4286DB57CDF6}.Debug|Any CPU.ActiveCfg = Debug|Any CPU
		{93DDDDD5-31D3-444D-8143-4286DB57CDF6}.Debug|Any CPU.Build.0 = Debug|Any CPU
		{93DDDDD5-31D3-444D-8143-4286DB57CDF6}.Release|Any CPU.ActiveCfg = Release|Any CPU
		{93DDDDD5-31D3-444D-8143-4286DB57CDF6}.Release|Any CPU.Build.0 = Release|Any CPU
		{2ACF0CE6-DF6F-4490-AC76-4A34AF8F4D3A}.Debug|Any CPU.ActiveCfg = Debug|Any CPU
		{2ACF0CE6-DF6F-4490-AC76-4A34AF8F4D3A}.Debug|Any CPU.Build.0 = Debug|Any CPU
		{2ACF0CE6-DF6F-4490-AC76-4A34AF8F4D3A}.Release|Any CPU.ActiveCfg = Release|Any CPU
		{2ACF0CE6-DF6F-4490-AC76-4A34AF8F4D3A}.Release|Any CPU.Build.0 = Release|Any CPU
		{623A196F-BED0-4F57-849F-7AC9D3382B23}.Debug|Any CPU.ActiveCfg = Debug|Any CPU
		{623A196F-BED0-4F57-849F-7AC9D3382B23}.Debug|Any CPU.Build.0 = Debug|Any CPU
		{623A196F-BED0-4F57-849F-7AC9D3382B23}.Release|Any CPU.ActiveCfg = Release|Any CPU
		{623A196F-BED0-4F57-849F-7AC9D3382B23}.Release|Any CPU.Build.0 = Release|Any CPU
		{2D9C20C4-AC95-4FB4-BCB9-C4EC34AF4368}.Debug|Any CPU.ActiveCfg = Debug|Any CPU
		{2D9C20C4-AC95-4FB4-BCB9-C4EC34AF4368}.Debug|Any CPU.Build.0 = Debug|Any CPU
		{2D9C20C4-AC95-4FB4-BCB9-C4EC34AF4368}.Release|Any CPU.ActiveCfg = Release|Any CPU
		{2D9C20C4-AC95-4FB4-BCB9-C4EC34AF4368}.Release|Any CPU.Build.0 = Release|Any CPU
		{9FA96DAD-BF37-4248-BBA5-56DBB6CC0DA0}.Debug|Any CPU.ActiveCfg = Debug|Any CPU
		{9FA96DAD-BF37-4248-BBA5-56DBB6CC0DA0}.Debug|Any CPU.Build.0 = Debug|Any CPU
		{9FA96DAD-BF37-4248-BBA5-56DBB6CC0DA0}.Release|Any CPU.ActiveCfg = Release|Any CPU
		{9FA96DAD-BF37-4248-BBA5-56DBB6CC0DA0}.Release|Any CPU.Build.0 = Release|Any CPU
	EndGlobalSection
	GlobalSection(SolutionProperties) = preSolution
		HideSolutionNode = FALSE
	EndGlobalSection
EndGlobal
